
Microsoft Visual Studio Solution File, Format Version 12.00
# Visual Studio Version 17
VisualStudioVersion = 17.4.33213.308
MinimumVisualStudioVersion = 10.0.40219.1
Project("{FAE04EC0-301F-11D3-BF4B-00C04F79EFBC}") = "WebApplication1", "WebApplication1\WebApplication1.csproj", "{5FCBFD6B-776C-4886-AF04-3902B3EE8995}"
EndProject
Global
	GlobalSection(SolutionConfigurationPlatforms) = preSolution
		Debug|Any CPU = Debug|Any CPU
		Release|Any CPU = Release|Any CPU
	EndGlobalSection
	GlobalSection(ProjectConfigurationPlatforms) = postSolution
		{5FCBFD6B-776C-4886-AF04-3902B3EE8995}.Debug|Any CPU.ActiveCfg = Debug|Any CPU
		{5FCBFD6B-776C-4886-AF04-3902B3EE8995}.Debug|Any CPU.Build.0 = Debug|Any CPU
		{5FCBFD6B-776C-4886-AF04-3902B3EE8995}.Release|Any CPU.ActiveCfg = Release|Any CPU
		{5FCBFD6B-776C-4886-AF04-3902B3EE8995}.Release|Any CPU.Build.0 = Release|Any CPU
	EndGlobalSection
	GlobalSection(SolutionProperties) = preSolution
		HideSolutionNode = FALSE
	EndGlobalSection
	GlobalSection(ExtensibilityGlobals) = postSolution
		SolutionGuid = {BAB7C414-E74D-4419-BBA3-644050AEB52F}
	EndGlobalSection
EndGlobal
